github.com/gethinode/mod-flexsearch v1.12.1 h1:clkGUWaNPe9Dt/66Apy7oH9NwVQfnD6OpGSLffeC9sY=
github.com/gethinode/mod-flexsearch v1.12.1/go.mod h1:L8hrnpupx27cez2ObMX8gWnhbW6qss4HGH1Ea4UaBRQ=
github.com/imfing/hextra v0.8.6 h1:fpOqzcUs26Lc/ZzowYSBcnpe00d/aZw4HhiHP7ycSks=
github.com/imfing/hextra v0.8.6/go.mod h1:cEfel3lU/bSx7lTE/+uuR4GJaphyOyiwNR3PTqFTXpI=
github.com/imfing/hextra v0.9.3 h1:p4vDm2TSgt3RpJdJm2mqkpoJCH2S08wzySyyYodtgCc=
github.com/imfing/hextra v0.9.3/go.mod h1:cEfel3lU/bSx7lTE/+uuR4GJaphyOyiwNR3PTqFTXpI=
